
Microsoft Visual Studio Solution File, Format Version 12.00
# Visual Studio 15
VisualStudioVersion = 15.0.26124.0
MinimumVisualStudioVersion = 15.0.26124.0
Project("{2150E333-8FDC-42A3-9474-1A3956D46DE8}") = "src", "src", "{29A904BF-4807-4B0B-AD6A-5266BDDC39BB}"
EndProject
Project("{F2A71F9B-5D33-465A-A702-920D77279786}") = "Stonksy.Cli", "src\Stonksy.Cli\Stonksy.Cli.fsproj", "{0F06F9C6-2312-4B95-A2BD-5FC8AA28EA69}"
EndProject
Project("{F2A71F9B-5D33-465A-A702-920D77279786}") = "Stonksy.Core", "src\Stonksy.Core\Stonksy.Core.fsproj", "{ACDD3EB8-2200-445E-AD3F-12E1E6D835D0}"
EndProject
Project("{2150E333-8FDC-42A3-9474-1A3956D46DE8}") = "tests", "tests", "{44AC391B-8535-44A4-B491-1C3D3B972BC3}"
EndProject
Project("{F2A71F9B-5D33-465A-A702-920D77279786}") = "Stonksy.CoreUnitTests", "tests\Stonksy.CoreUnitTests\Stonksy.CoreUnitTests.fsproj", "{BC05143B-D8D6-400A-8AC6-CB1D3C85C2E7}"
EndProject
Global
	GlobalSection(SolutionConfigurationPlatforms) = preSolution
		Debug|Any CPU = Debug|Any CPU
		Debug|x64 = Debug|x64
		Debug|x86 = Debug|x86
		Release|Any CPU = Release|Any CPU
		Release|x64 = Release|x64
		Release|x86 = Release|x86
	EndGlobalSection
	GlobalSection(SolutionProperties) = preSolution
		HideSolutionNode = FALSE
	EndGlobalSection
	GlobalSection(ProjectConfigurationPlatforms) = postSolution
		{0F06F9C6-2312-4B95-A2BD-5FC8AA28EA69}.Debug|Any CPU.ActiveCfg = Debug|Any CPU
		{0F06F9C6-2312-4B95-A2BD-5FC8AA28EA69}.Debug|Any CPU.Build.0 = Debug|Any CPU
		{0F06F9C6-2312-4B95-A2BD-5FC8AA28EA69}.Debug|x64.ActiveCfg = Debug|Any CPU
		{0F06F9C6-2312-4B95-A2BD-5FC8AA28EA69}.Debug|x64.Build.0 = Debug|Any CPU
		{0F06F9C6-2312-4B95-A2BD-5FC8AA28EA69}.Debug|x86.ActiveCfg = Debug|Any CPU
		{0F06F9C6-2312-4B95-A2BD-5FC8AA28EA69}.Debug|x86.Build.0 = Debug|Any CPU
		{0F06F9C6-2312-4B95-A2BD-5FC8AA28EA69}.Release|Any CPU.ActiveCfg = Release|Any CPU
		{0F06F9C6-2312-4B95-A2BD-5FC8AA28EA69}.Release|Any CPU.Build.0 = Release|Any CPU
		{0F06F9C6-2312-4B95-A2BD-5FC8AA28EA69}.Release|x64.ActiveCfg = Release|Any CPU
		{0F06F9C6-2312-4B95-A2BD-5FC8AA28EA69}.Release|x64.Build.0 = Release|Any CPU
		{0F06F9C6-2312-4B95-A2BD-5FC8AA28EA69}.Release|x86.ActiveCfg = Release|Any CPU
		{0F06F9C6-2312-4B95-A2BD-5FC8AA28EA69}.Release|x86.Build.0 = Release|Any CPU
		{ACDD3EB8-2200-445E-AD3F-12E1E6D835D0}.Debug|Any CPU.ActiveCfg = Debug|Any CPU
		{ACDD3EB8-2200-445E-AD3F-12E1E6D835D0}.Debug|Any CPU.Build.0 = Debug|Any CPU
		{ACDD3EB8-2200-445E-AD3F-12E1E6D835D0}.Debug|x64.ActiveCfg = Debug|Any CPU
		{ACDD3EB8-2200-445E-AD3F-12E1E6D835D0}.Debug|x64.Build.0 = Debug|Any CPU
		{ACDD3EB8-2200-445E-AD3F-12E1E6D835D0}.Debug|x86.ActiveCfg = Debug|Any CPU
		{ACDD3EB8-2200-445E-AD3F-12E1E6D835D0}.Debug|x86.Build.0 = Debug|Any CPU
		{ACDD3EB8-2200-445E-AD3F-12E1E6D835D0}.Release|Any CPU.ActiveCfg = Release|Any CPU
		{ACDD3EB8-2200-445E-AD3F-12E1E6D835D0}.Release|Any CPU.Build.0 = Release|Any CPU
		{ACDD3EB8-2200-445E-AD3F-12E1E6D835D0}.Release|x64.ActiveCfg = Release|Any CPU
		{ACDD3EB8-2200-445E-AD3F-12E1E6D835D0}.Release|x64.Build.0 = Release|Any CPU
		{ACDD3EB8-2200-445E-AD3F-12E1E6D835D0}.Release|x86.ActiveCfg = Release|Any CPU
		{ACDD3EB8-2200-445E-AD3F-12E1E6D835D0}.Release|x86.Build.0 = Release|Any CPU
		{BC05143B-D8D6-400A-8AC6-CB1D3C85C2E7}.Debug|Any CPU.ActiveCfg = Debug|Any CPU
		{BC05143B-D8D6-400A-8AC6-CB1D3C85C2E7}.Debug|Any CPU.Build.0 = Debug|Any CPU
		{BC05143B-D8D6-400A-8AC6-CB1D3C85C2E7}.Debug|x64.ActiveCfg = Debug|Any CPU
		{BC05143B-D8D6-400A-8AC6-CB1D3C85C2E7}.Debug|x64.Build.0 = Debug|Any CPU
		{BC05143B-D8D6-400A-8AC6-CB1D3C85C2E7}.Debug|x86.ActiveCfg = Debug|Any CPU
		{BC05143B-D8D6-400A-8AC6-CB1D3C85C2E7}.Debug|x86.Build.0 = Debug|Any CPU
		{BC05143B-D8D6-400A-8AC6-CB1D3C85C2E7}.Release|Any CPU.ActiveCfg = Release|Any CPU
		{BC05143B-D8D6-400A-8AC6-CB1D3C85C2E7}.Release|Any CPU.Build.0 = Release|Any CPU
		{BC05143B-D8D6-400A-8AC6-CB1D3C85C2E7}.Release|x64.ActiveCfg = Release|Any CPU
		{BC05143B-D8D6-400A-8AC6-CB1D3C85C2E7}.Release|x64.Build.0 = Release|Any CPU
		{BC05143B-D8D6-400A-8AC6-CB1D3C85C2E7}.Release|x86.ActiveCfg = Release|Any CPU
		{BC05143B-D8D6-400A-8AC6-CB1D3C85C2E7}.Release|x86.Build.0 = Release|Any CPU
	EndGlobalSection
	GlobalSection(NestedProjects) = preSolution
		{0F06F9C6-2312-4B95-A2BD-5FC8AA28EA69} = {29A904BF-4807-4B0B-AD6A-5266BDDC39BB}
		{ACDD3EB8-2200-445E-AD3F-12E1E6D835D0} = {29A904BF-4807-4B0B-AD6A-5266BDDC39BB}
		{BC05143B-D8D6-400A-8AC6-CB1D3C85C2E7} = {44AC391B-8535-44A4-B491-1C3D3B972BC3}
	EndGlobalSection
EndGlobal
